
Microsoft Visual Studio Solution File, Format Version 12.00
# Visual Studio Version 17
VisualStudioVersion = 17.1.32328.378
MinimumVisualStudioVersion = 10.0.40219.1
Project("{FAE04EC0-301F-11D3-BF4B-00C04F79EFBC}") = "FlaskeAutomat", "FlaskeAutomat\FlaskeAutomat.csproj", "{01632A7D-00E4-4F6F-A4A6-E5EF48E93E0E}"
EndProject
Global
	GlobalSection(SolutionConfigurationPlatforms) = preSolution
		Debug|Any CPU = Debug|Any CPU
		Release|Any CPU = Release|Any CPU
	EndGlobalSection
	GlobalSection(ProjectConfigurationPlatforms) = postSolution
		{01632A7D-00E4-4F6F-A4A6-E5EF48E93E0E}.Debug|Any CPU.ActiveCfg = Debug|Any CPU
		{01632A7D-00E4-4F6F-A4A6-E5EF48E93E0E}.Debug|Any CPU.Build.0 = Debug|Any CPU
		{01632A7D-00E4-4F6F-A4A6-E5EF48E93E0E}.Release|Any CPU.ActiveCfg = Release|Any CPU
		{01632A7D-00E4-4F6F-A4A6-E5EF48E93E0E}.Release|Any CPU.Build.0 = Release|Any CPU
	EndGlobalSection
	GlobalSection(SolutionProperties) = preSolution
		HideSolutionNode = FALSE
	EndGlobalSection
	GlobalSection(ExtensibilityGlobals) = postSolution
		SolutionGuid = {ACD2C6A5-4FEB-4C69-ACCA-0BD00EFD1731}
	EndGlobalSection
EndGlobal
